
Microsoft Visual Studio Solution File, Format Version 12.00
# Visual Studio Version 16
VisualStudioVersion = 16.0.31624.102
MinimumVisualStudioVersion = 10.0.40219.1
Project("{FAE04EC0-301F-11D3-BF4B-00C04F79EFBC}") = "testLabb", "testLabb\testLabb.csproj", "{1C58DE9A-49BF-4620-9CC7-1100D9BE2F4A}"
EndProject
Global
	GlobalSection(SolutionConfigurationPlatforms) = preSolution
		Debug|Any CPU = Debug|Any CPU
		Release|Any CPU = Release|Any CPU
	EndGlobalSection
	GlobalSection(ProjectConfigurationPlatforms) = postSolution
		{1C58DE9A-49BF-4620-9CC7-1100D9BE2F4A}.Debug|Any CPU.ActiveCfg = Debug|Any CPU
		{1C58DE9A-49BF-4620-9CC7-1100D9BE2F4A}.Debug|Any CPU.Build.0 = Debug|Any CPU
		{1C58DE9A-49BF-4620-9CC7-1100D9BE2F4A}.Release|Any CPU.ActiveCfg = Release|Any CPU
		{1C58DE9A-49BF-4620-9CC7-1100D9BE2F4A}.Release|Any CPU.Build.0 = Release|Any CPU
	EndGlobalSection
	GlobalSection(SolutionProperties) = preSolution
		HideSolutionNode = FALSE
	EndGlobalSection
	GlobalSection(ExtensibilityGlobals) = postSolution
		SolutionGuid = {D4CD8E30-A946-4975-AF66-5749BAC36B14}
	EndGlobalSection
EndGlobal
